{
  "version": 4,
  "terraform_version": "1.3.7",
  "serial": 9,
  "lineage": "b288e480-523b-4569-2030-cb60445a0c94",
  "outputs": {
    "instance_public_ip": {
      "value": "34.163.231.190",
      "type": "string"
    }
  },
  "resources": [
    {
      "mode": "managed",
      "type": "cloudflare_record",
      "name": "frontend",
      "provider": "provider[\"registry.terraform.io/cloudflare/cloudflare\"]",
      "instances": [
        {
          "schema_version": 2,
          "attributes": {
            "allow_overwrite": false,
            "comment": "",
            "created_on": "2023-06-26T13:31:10.147555Z",
            "data": [],
            "hostname": "fullteam.uk",
            "id": "22bd170b78ad4605c5825968ca0fbbb1",
            "metadata": {
              "auto_added": "false",
              "managed_by_apps": "false",
              "managed_by_argo_tunnel": "false",
              "source": "primary"
            },
            "modified_on": "2023-06-26T13:31:10.147555Z",
            "name": "@",
            "priority": null,
            "proxiable": true,
            "proxied": true,
            "tags": [],
            "timeouts": null,
            "ttl": 1,
            "type": "A",
            "value": "34.163.231.190",
            "zone_id": "1f47c626ecd2e721b6bdf7702dfcfaf8"
          },
          "sensitive_attributes": [],
          "private": "eyJlMmJmYjczMC1lY2FhLTExZTYtOGY4OC0zNDM2M2JjN2M0YzAiOnsiY3JlYXRlIjozMDAwMDAwMDAwMCwidXBkYXRlIjozMDAwMDAwMDAwMH0sInNjaGVtYV92ZXJzaW9uIjoiMiJ9",
          "dependencies": [
            "google_compute_instance.vm_instance"
          ]
        }
      ]
    },
    {
      "mode": "managed",
      "type": "google_compute_firewall",
      "name": "allow_ports",
      "provider": "provider[\"registry.terraform.io/hashicorp/google\"]",
      "instances": [
        {
          "schema_version": 1,
          "attributes": {
            "allow": [
              {
                "ports": [
                  "22"
                ],
                "protocol": "tcp"
              },
              {
                "ports": [
                  "25000"
                ],
                "protocol": "tcp"
              }
            ],
            "creation_timestamp": "2023-06-26T06:30:53.787-07:00",
            "deny": [],
            "description": "",
            "destination_ranges": [],
            "direction": "INGRESS",
            "disabled": false,
            "enable_logging": null,
            "id": "projects/minecraft-391012/global/firewalls/allow-ports-unique",
            "log_config": [],
            "name": "allow-ports-unique",
            "network": "https://www.googleapis.com/compute/v1/projects/minecraft-391012/global/networks/default",
            "priority": 1000,
            "project": "minecraft-391012",
            "self_link": "https://www.googleapis.com/compute/v1/projects/minecraft-391012/global/firewalls/allow-ports-unique",
            "source_ranges": [
              "0.0.0.0/0"
            ],
            "source_service_accounts": [],
            "source_tags": [],
            "target_service_accounts": [],
            "target_tags": [
              "web"
            ],
            "timeouts": null
          },
          "sensitive_attributes": [],
          "private": "eyJlMmJmYjczMC1lY2FhLTExZTYtOGY4OC0zNDM2M2JjN2M0YzAiOnsiY3JlYXRlIjoxMjAwMDAwMDAwMDAwLCJkZWxldGUiOjEyMDAwMDAwMDAwMDAsInVwZGF0ZSI6MTIwMDAwMDAwMDAwMH0sInNjaGVtYV92ZXJzaW9uIjoiMSJ9"
        }
      ]
    },
    {
      "mode": "managed",
      "type": "google_compute_instance",
      "name": "vm_instance",
      "provider": "provider[\"registry.terraform.io/hashicorp/google\"]",
      "instances": [
        {
          "schema_version": 6,
          "attributes": {
            "advanced_machine_features": [],
            "allow_stopping_for_update": null,
            "attached_disk": [],
            "boot_disk": [
              {
                "auto_delete": true,
                "device_name": "persistent-disk-0",
                "disk_encryption_key_raw": "",
                "disk_encryption_key_sha256": "",
                "initialize_params": [
                  {
                    "image": "https://www.googleapis.com/compute/v1/projects/ubuntu-os-cloud/global/images/ubuntu-2004-focal-v20230616",
                    "labels": {},
                    "size": 10,
                    "type": "pd-standard"
                  }
                ],
                "kms_key_self_link": "",
                "mode": "READ_WRITE",
                "source": "https://www.googleapis.com/compute/v1/projects/minecraft-391012/zones/europe-west9-a/disks/minecraft-serv"
              }
            ],
            "can_ip_forward": false,
            "confidential_instance_config": [],
            "cpu_platform": "Intel Broadwell",
            "current_status": "RUNNING",
            "deletion_protection": false,
            "description": "",
            "desired_status": null,
            "enable_display": false,
            "guest_accelerator": [],
            "hostname": "",
            "id": "projects/minecraft-391012/zones/europe-west9-a/instances/minecraft-serv",
            "instance_id": "6352113933619572192",
            "label_fingerprint": "42WmSpB8rSM=",
            "labels": {},
            "machine_type": "e2-medium",
            "metadata": {
              "ssh-keys": "lorris:ssh-rsa AAAAB3NzaC1yc2EAAAADAQABAAABgQC5oyF/pUk+6KjcfoUDOLOIwlcCrFmNobYxuXigvnbyhykXkGPL3ztHKiGuwoSfcsP4Nb7p41xBO2tYsdse6G4yg0q6TMyvmkA+teRgszA+blDSysk3XIrpHi93TlfAuCRthGHacxjdshTE9cYl2JdjVM8PWeCJae5gKsacugJ9rolAZK6bQ7qMuQJ0VbPlydO3d6w/sz9cLZ10aSz2paqyGv6X3QdWjS0WLFboSWzIz6HfaiktSj7TW7XGcGiEYXr+P1vRed2Ys7Zszv6SpiyM7H0WI8ST6zMfExyCCcLdkyEne4mmwY++M0nNmLjlDnRhpoTPE4CCcnkp6eDfEbCsRauqz59vIxXciJNQR/UTvYJkwOMD1Yg+p5+BO3U3WnJjZAsCcEpwc4thMzmPaLJfquUmtlDvv5hElApk6vbiwl1jEwwZXgVzlUF0wZza4ZljhqQ108arDu555aDa7q8MWw3YduhR6QExO2KwKnQXAo6GGiWS9J2IUQIWWkXCsuM= k4liii@DESKTOP-M6QDEQ0\n"
            },
            "metadata_fingerprint": "mdULlF-iyUE=",
            "metadata_startup_script": null,
            "min_cpu_platform": "",
            "name": "minecraft-serv",
            "network_interface": [
              {
                "access_config": [
                  {
                    "nat_ip": "34.163.231.190",
                    "network_tier": "PREMIUM",
                    "public_ptr_domain_name": ""
                  }
                ],
                "alias_ip_range": [],
                "ipv6_access_config": [],
                "ipv6_access_type": "",
                "name": "nic0",
                "network": "https://www.googleapis.com/compute/v1/projects/minecraft-391012/global/networks/default",
                "network_ip": "10.200.0.2",
                "nic_type": "",
                "queue_count": 0,
                "stack_type": "IPV4_ONLY",
                "subnetwork": "https://www.googleapis.com/compute/v1/projects/minecraft-391012/regions/europe-west9/subnetworks/default",
                "subnetwork_project": "minecraft-391012"
              }
            ],
            "network_performance_config": [],
            "project": "minecraft-391012",
            "reservation_affinity": [],
            "resource_policies": [],
            "scheduling": [
              {
                "automatic_restart": true,
                "instance_termination_action": "",
                "min_node_cpus": 0,
                "node_affinities": [],
                "on_host_maintenance": "MIGRATE",
                "preemptible": false,
                "provisioning_model": "STANDARD"
              }
            ],
            "scratch_disk": [],
            "self_link": "https://www.googleapis.com/compute/v1/projects/minecraft-391012/zones/europe-west9-a/instances/minecraft-serv",
            "service_account": [],
            "shielded_instance_config": [
              {
                "enable_integrity_monitoring": true,
                "enable_secure_boot": false,
                "enable_vtpm": true
              }
            ],
            "tags": [
              "web"
            ],
            "tags_fingerprint": "3d9fNIIa_10=",
            "timeouts": null,
            "zone": "europe-west9-a"
          },
          "sensitive_attributes": [],
          "private": "eyJlMmJmYjczMC1lY2FhLTExZTYtOGY4OC0zNDM2M2JjN2M0YzAiOnsiY3JlYXRlIjoxMjAwMDAwMDAwMDAwLCJkZWxldGUiOjEyMDAwMDAwMDAwMDAsInVwZGF0ZSI6MTIwMDAwMDAwMDAwMH0sInNjaGVtYV92ZXJzaW9uIjoiNiJ9"
        }
      ]
    }
  ],
  "check_results": null
}
