{
  "version": 4,
  "terraform_version": "1.5.1",
  "serial": 19,
  "lineage": "3b9a0d6d-13e4-f6df-f7c6-d7f0169eac0a",
  "outputs": {
    "instance_public_ip": {
      "value": "34.32.239.181",
      "type": "string"
    }
  },
  "resources": [
    {
      "mode": "managed",
      "type": "cloudflare_record",
      "name": "frontend",
      "provider": "provider[\"registry.terraform.io/cloudflare/cloudflare\"]",
      "instances": [
        {
          "schema_version": 2,
          "attributes": {
            "allow_overwrite": false,
            "comment": "",
            "created_on": "2023-09-22T22:47:52.676076Z",
            "data": [],
            "hostname": "fullteam.uk",
            "id": "573f65dc9c6eed747c301193ea338f69",
            "metadata": {
              "auto_added": "false",
              "managed_by_apps": "false",
              "managed_by_argo_tunnel": "false",
              "source": "primary"
            },
            "modified_on": "2023-09-22T22:47:52.676076Z",
            "name": "@",
            "priority": null,
            "proxiable": true,
            "proxied": true,
            "tags": [],
            "timeouts": null,
            "ttl": 1,
            "type": "A",
            "value": "34.32.239.181",
            "zone_id": "1f47c626ecd2e721b6bdf7702dfcfaf8"
          },
          "sensitive_attributes": [],
          "private": "eyJlMmJmYjczMC1lY2FhLTExZTYtOGY4OC0zNDM2M2JjN2M0YzAiOnsiY3JlYXRlIjozMDAwMDAwMDAwMCwidXBkYXRlIjozMDAwMDAwMDAwMH0sInNjaGVtYV92ZXJzaW9uIjoiMiJ9",
          "dependencies": [
            "google_compute_instance.vm_instance"
          ]
        }
      ]
    },
    {
      "mode": "managed",
      "type": "google_compute_firewall",
      "name": "allow_ports",
      "provider": "provider[\"registry.terraform.io/hashicorp/google\"]",
      "instances": [
        {
          "schema_version": 1,
          "attributes": {
            "allow": [
              {
                "ports": [
                  "22"
                ],
                "protocol": "tcp"
              },
              {
                "ports": [
                  "25000"
                ],
                "protocol": "tcp"
              }
            ],
            "creation_timestamp": "2023-09-22T15:47:33.181-07:00",
            "deny": [],
            "description": "",
            "destination_ranges": [],
            "direction": "INGRESS",
            "disabled": false,
            "enable_logging": null,
            "id": "projects/minecraft-399815/global/firewalls/allow-ports-unique",
            "log_config": [],
            "name": "allow-ports-unique",
            "network": "https://www.googleapis.com/compute/v1/projects/minecraft-399815/global/networks/default",
            "priority": 1000,
            "project": "minecraft-399815",
            "self_link": "https://www.googleapis.com/compute/v1/projects/minecraft-399815/global/firewalls/allow-ports-unique",
            "source_ranges": [
              "0.0.0.0/0"
            ],
            "source_service_accounts": [],
            "source_tags": [],
            "target_service_accounts": [],
            "target_tags": [
              "web"
            ],
            "timeouts": null
          },
          "sensitive_attributes": [],
          "private": "eyJlMmJmYjczMC1lY2FhLTExZTYtOGY4OC0zNDM2M2JjN2M0YzAiOnsiY3JlYXRlIjoxMjAwMDAwMDAwMDAwLCJkZWxldGUiOjEyMDAwMDAwMDAwMDAsInVwZGF0ZSI6MTIwMDAwMDAwMDAwMH0sInNjaGVtYV92ZXJzaW9uIjoiMSJ9"
        }
      ]
    },
    {
      "mode": "managed",
      "type": "google_compute_instance",
      "name": "vm_instance",
      "provider": "provider[\"registry.terraform.io/hashicorp/google\"]",
      "instances": [
        {
          "schema_version": 6,
          "attributes": {
            "advanced_machine_features": [],
            "allow_stopping_for_update": true,
            "attached_disk": [],
            "boot_disk": [
              {
                "auto_delete": true,
                "device_name": "persistent-disk-0",
                "disk_encryption_key_raw": "",
                "disk_encryption_key_sha256": "",
                "initialize_params": [
                  {
                    "image": "https://www.googleapis.com/compute/v1/projects/ubuntu-os-cloud/global/images/ubuntu-2004-focal-v20230918",
                    "labels": {},
                    "resource_manager_tags": {},
                    "size": 40,
                    "type": "pd-ssd"
                  }
                ],
                "kms_key_self_link": "",
                "mode": "READ_WRITE",
                "source": "https://www.googleapis.com/compute/v1/projects/minecraft-399815/zones/europe-west4-a/disks/minecraft-serv"
              }
            ],
            "can_ip_forward": false,
            "confidential_instance_config": [],
            "cpu_platform": "AMD Milan",
            "current_status": "RUNNING",
            "deletion_protection": false,
            "description": "",
            "desired_status": null,
            "enable_display": false,
            "guest_accelerator": [],
            "hostname": "",
            "id": "projects/minecraft-399815/zones/europe-west4-a/instances/minecraft-serv",
            "instance_id": "4353273906847786857",
            "label_fingerprint": "42WmSpB8rSM=",
            "labels": {},
            "machine_type": "c2d-highcpu-4",
            "metadata": {
              "ssh-keys": "lorris:ssh-rsa AAAAB3NzaC1yc2EAAAADAQABAAABgQCyYpcLXeE5VEllMw6pmiGUAd9gcAW5TdoNXDBEGbo5KA/JoswdaVMw0uc+SyYV97A9qFClILcnTHBe/8by4VJmzfzjuo8TseNDkKPT7SUoShp6BZ1MAmFiJ9QNejNQJrLlM6fWCjkEmCtnDS7rclFqNq8IXYidEfTkoR6EA4mAK1PporRFF8CeirdAHPLf9X5MF8sszvuqiUn+zaaPKZUqKauU3pldny5tRdEJsPxLeOXfTmJANy7fcVwhiWOOL9O9GKtBkiNLvVDraY8FqaGZbaBcPdXDHROJA8DsWayxuAXW5npz4f6GuT/DWEz9q+aZO+mIoe7WnN7kwi6IzNpixJxdH9VWs7LWQdJFZESIkVTFYCYbe6eWYTGbNXvsm2IWfFmZvvGPZnWNHbx/veFCvuKorLdQ07F9W6784TrA935uKsN7kdRuF0/M1HxiJXdVHoMKBp/nhw/zronzoxo9DWH1onmRnS6wafuL0PuUW8v57VgSUVzoBGpA8Pyuvhk= k4liii@FIXELORRIS\n"
            },
            "metadata_fingerprint": "z_9kxH-mcgs=",
            "metadata_startup_script": null,
            "min_cpu_platform": "",
            "name": "minecraft-serv",
            "network_interface": [
              {
                "access_config": [
                  {
                    "nat_ip": "34.32.239.181",
                    "network_tier": "PREMIUM",
                    "public_ptr_domain_name": ""
                  }
                ],
                "alias_ip_range": [],
                "internal_ipv6_prefix_length": 0,
                "ipv6_access_config": [],
                "ipv6_access_type": "",
                "ipv6_address": "",
                "name": "nic0",
                "network": "https://www.googleapis.com/compute/v1/projects/minecraft-399815/global/networks/default",
                "network_ip": "10.164.0.2",
                "nic_type": "",
                "queue_count": 0,
                "stack_type": "IPV4_ONLY",
                "subnetwork": "https://www.googleapis.com/compute/v1/projects/minecraft-399815/regions/europe-west4/subnetworks/default",
                "subnetwork_project": "minecraft-399815"
              }
            ],
            "network_performance_config": [],
            "params": [],
            "project": "minecraft-399815",
            "reservation_affinity": [],
            "resource_policies": [],
            "scheduling": [
              {
                "automatic_restart": true,
                "instance_termination_action": "",
                "local_ssd_recovery_timeout": [],
                "min_node_cpus": 0,
                "node_affinities": [],
                "on_host_maintenance": "MIGRATE",
                "preemptible": false,
                "provisioning_model": "STANDARD"
              }
            ],
            "scratch_disk": [],
            "self_link": "https://www.googleapis.com/compute/v1/projects/minecraft-399815/zones/europe-west4-a/instances/minecraft-serv",
            "service_account": [],
            "shielded_instance_config": [
              {
                "enable_integrity_monitoring": true,
                "enable_secure_boot": false,
                "enable_vtpm": true
              }
            ],
            "tags": [
              "web"
            ],
            "tags_fingerprint": "3d9fNIIa_10=",
            "timeouts": null,
            "zone": "europe-west4-a"
          },
          "sensitive_attributes": [],
          "private": "eyJlMmJmYjczMC1lY2FhLTExZTYtOGY4OC0zNDM2M2JjN2M0YzAiOnsiY3JlYXRlIjoxMjAwMDAwMDAwMDAwLCJkZWxldGUiOjEyMDAwMDAwMDAwMDAsInVwZGF0ZSI6MTIwMDAwMDAwMDAwMH0sInNjaGVtYV92ZXJzaW9uIjoiNiJ9"
        }
      ]
    },
    {
      "mode": "managed",
      "type": "null_resource",
      "name": "ansible_trigger",
      "provider": "provider[\"registry.terraform.io/hashicorp/null\"]",
      "instances": [
        {
          "status": "tainted",
          "schema_version": 0,
          "attributes": {
            "id": "1709089050160478567",
            "triggers": {
              "timestamp": "333332433"
            }
          },
          "sensitive_attributes": [],
          "dependencies": [
            "google_compute_instance.vm_instance"
          ]
        }
      ]
    }
  ],
  "check_results": null
}
